
Microsoft Visual Studio Solution File, Format Version 12.00
# Visual Studio Version 16
VisualStudioVersion = 16.0.28407.52
MinimumVisualStudioVersion = 10.0.40219.1
Project("{9A19103F-16F7-4668-BE54-9A1E7A4F7556}") = "MyPortfolio", "src\MyPortfolio.csproj", "{044D358C-7D61-4188-A774-E8FA2074063E}"
EndProject
Global
	GlobalSection(SolutionConfigurationPlatforms) = preSolution
		Debug|Any CPU = Debug|Any CPU
		Release|Any CPU = Release|Any CPU
	EndGlobalSection
	GlobalSection(ProjectConfigurationPlatforms) = postSolution
		{044D358C-7D61-4188-A774-E8FA2074063E}.Debug|Any CPU.ActiveCfg = Debug|Any CPU
		{044D358C-7D61-4188-A774-E8FA2074063E}.Debug|Any CPU.Build.0 = Debug|Any CPU
		{044D358C-7D61-4188-A774-E8FA2074063E}.Release|Any CPU.ActiveCfg = Release|Any CPU
		{044D358C-7D61-4188-A774-E8FA2074063E}.Release|Any CPU.Build.0 = Release|Any CPU
	EndGlobalSection
	GlobalSection(SolutionProperties) = preSolution
		HideSolutionNode = FALSE
	EndGlobalSection
	GlobalSection(ExtensibilityGlobals) = postSolution
		SolutionGuid = {59BC946F-1CB8-4886-B06B-3117C8251385}
	EndGlobalSection
EndGlobal
